
Microsoft Visual Studio Solution File, Format Version 12.00
# Visual Studio Version 16
VisualStudioVersion = 16.0.30320.27
MinimumVisualStudioVersion = 10.0.40219.1
Project("{9A19103F-16F7-4668-BE54-9A1E7A4F7556}") = "NetExercise.Web", "NetExercise.Web\NetExercise.Web.csproj", "{C9DD54A9-6AAF-4D40-9E31-8F27AF3355C6}"
	ProjectSection(ProjectDependencies) = postProject
		{6FE5A329-C17D-4921-A4A8-910FC7BB3424} = {6FE5A329-C17D-4921-A4A8-910FC7BB3424}
	EndProjectSection
EndProject
Project("{9A19103F-16F7-4668-BE54-9A1E7A4F7556}") = "NetExercise.BLL", "NetExercise.BLL\NetExercise.BLL.csproj", "{6FE5A329-C17D-4921-A4A8-910FC7BB3424}"
EndProject
Project("{2150E333-8FDC-42A3-9474-1A3956D46DE8}") = "Tests", "Tests", "{1DC818FF-3D54-466A-8894-E7ADF7F8440E}"
EndProject
Project("{FAE04EC0-301F-11D3-BF4B-00C04F79EFBC}") = "NetExercise.BLL.Test", "NetExercise.BLL.Test\NetExercise.BLL.Test.csproj", "{D4533E54-2FF3-4EDD-A684-DEF3816C9826}"
EndProject
Global
	GlobalSection(SolutionConfigurationPlatforms) = preSolution
		Debug|Any CPU = Debug|Any CPU
		Release|Any CPU = Release|Any CPU
	EndGlobalSection
	GlobalSection(ProjectConfigurationPlatforms) = postSolution
		{C9DD54A9-6AAF-4D40-9E31-8F27AF3355C6}.Debug|Any CPU.ActiveCfg = Debug|Any CPU
		{C9DD54A9-6AAF-4D40-9E31-8F27AF3355C6}.Debug|Any CPU.Build.0 = Debug|Any CPU
		{C9DD54A9-6AAF-4D40-9E31-8F27AF3355C6}.Release|Any CPU.ActiveCfg = Release|Any CPU
		{C9DD54A9-6AAF-4D40-9E31-8F27AF3355C6}.Release|Any CPU.Build.0 = Release|Any CPU
		{6FE5A329-C17D-4921-A4A8-910FC7BB3424}.Debug|Any CPU.ActiveCfg = Debug|Any CPU
		{6FE5A329-C17D-4921-A4A8-910FC7BB3424}.Debug|Any CPU.Build.0 = Debug|Any CPU
		{6FE5A329-C17D-4921-A4A8-910FC7BB3424}.Release|Any CPU.ActiveCfg = Release|Any CPU
		{6FE5A329-C17D-4921-A4A8-910FC7BB3424}.Release|Any CPU.Build.0 = Release|Any CPU
		{D4533E54-2FF3-4EDD-A684-DEF3816C9826}.Debug|Any CPU.ActiveCfg = Debug|Any CPU
		{D4533E54-2FF3-4EDD-A684-DEF3816C9826}.Debug|Any CPU.Build.0 = Debug|Any CPU
		{D4533E54-2FF3-4EDD-A684-DEF3816C9826}.Release|Any CPU.ActiveCfg = Release|Any CPU
		{D4533E54-2FF3-4EDD-A684-DEF3816C9826}.Release|Any CPU.Build.0 = Release|Any CPU
	EndGlobalSection
	GlobalSection(SolutionProperties) = preSolution
		HideSolutionNode = FALSE
	EndGlobalSection
	GlobalSection(NestedProjects) = preSolution
		{D4533E54-2FF3-4EDD-A684-DEF3816C9826} = {1DC818FF-3D54-466A-8894-E7ADF7F8440E}
	EndGlobalSection
	GlobalSection(ExtensibilityGlobals) = postSolution
		SolutionGuid = {42AB28B0-9804-437D-BD12-71548E187284}
	EndGlobalSection
EndGlobal
